{
  "name": "justwatch",
  "version": "1.0.0",
  "lockfileVersion": 1,
  "requires": true,
  "dependencies": {
    "justwatch-api": {
      "version": "1.0.7",
      "resolved": "https://registry.npmjs.org/justwatch-api/-/justwatch-api-1.0.7.tgz",
      "integrity": "sha512-Tg3aP6jSzUv7UMQKVmDi/MnXzUr6/DzNWfOmoi7UEQPQu/roLMaaG+xY9erP1afcTRzZW6p8mgvOdWi8Ifj8xQ=="
    }
  }
}
